<?xml version="1.0" encoding="utf-8"?>
<Project ToolsVersion="4.0" xmlns="http://schemas.microsoft.com/developer/msbuild/2003">
  <ItemGroup>
    <Filter Include="Objects">
      <UniqueIdentifier>{8a121284-eca5-4db2-b59d-7fa2fa54731d}</UniqueIdentifier>
    </Filter>
    <Filter Include="Scenes">
      <UniqueIdentifier>{b6ce28ae-9a24-4a89-9b00-f3d1d6ed8d9f}</UniqueIdentifier>
    </Filter>
    <Filter Include="System">
      <UniqueIdentifier>{890092d2-4b67-441a-b18f-722e253fcb5a}</UniqueIdentifier>
    </Filter>
    <Filter Include="Global">
      <UniqueIdentifier>{64debeb2-e8d6-4cb5-998f-ad0518f53ffe}</UniqueIdentifier>
    </Filter>
  </ItemGroup>
  <ItemGroup>
    <ClCompile Include="src\Main.cpp" />
    <ClCompile Include="src\Scenes\Credits.cpp">
      <Filter>Scenes</Filter>
    </ClCompile>
    <ClCompile Include="src\Scenes\Gameplay.cpp">
      <Filter>Scenes</Filter>
    </ClCompile>
    <ClCompile Include="src\Scenes\Menu.cpp">
      <Filter>Scenes</Filter>
    </ClCompile>
    <ClCompile Include="src\Objects\Bomb.cpp">
      <Filter>Objects</Filter>
    </ClCompile>
    <ClCompile Include="src\Objects\Bullets.cpp">
      <Filter>Objects</Filter>
    </ClCompile>
    <ClCompile Include="src\Objects\Fighter.cpp">
      <Filter>Objects</Filter>
    </ClCompile>
    <ClCompile Include="src\Objects\GroundFighter.cpp">
      <Filter>Objects</Filter>
    </ClCompile>
    <ClCompile Include="src\Objects\GroundFighterBullet.cpp">
      <Filter>Objects</Filter>
    </ClCompile>
    <ClCompile Include="src\Objects\Player.cpp">
      <Filter>Objects</Filter>
    </ClCompile>
    <ClCompile Include="src\Objects\Window.cpp">
      <Filter>Objects</Filter>
    </ClCompile>
    <ClCompile Include="src\Global\Global.cpp">
      <Filter>Global</Filter>
    </ClCompile>
    <ClCompile Include="src\System\Gamesystem.cpp">
      <Filter>System</Filter>
    </ClCompile>
  </ItemGroup>
  <ItemGroup>
    <ClInclude Include="src\Scenes\Credits.h">
      <Filter>Scenes</Filter>
    </ClInclude>
    <ClInclude Include="src\Scenes\Gameplay.h">
      <Filter>Scenes</Filter>
    </ClInclude>
    <ClInclude Include="src\Scenes\Menu.h">
      <Filter>Scenes</Filter>
    </ClInclude>
    <ClInclude Include="src\Objects\Bomb.h">
      <Filter>Objects</Filter>
    </ClInclude>
    <ClInclude Include="src\Objects\Bullets.h">
      <Filter>Objects</Filter>
    </ClInclude>
    <ClInclude Include="src\Objects\Fighter.h">
      <Filter>Objects</Filter>
    </ClInclude>
    <ClInclude Include="src\Objects\GroundFighter.h">
      <Filter>Objects</Filter>
    </ClInclude>
    <ClInclude Include="src\Objects\GroundFighterBullet.h">
      <Filter>Objects</Filter>
    </ClInclude>
    <ClInclude Include="src\Objects\Player.h">
      <Filter>Objects</Filter>
    </ClInclude>
    <ClInclude Include="src\Objects\Window.h">
      <Filter>Objects</Filter>
    </ClInclude>
    <ClInclude Include="src\Global\Global.h">
      <Filter>Global</Filter>
    </ClInclude>
    <ClInclude Include="src\System\Gamesystem.h">
      <Filter>System</Filter>
    </ClInclude>
  </ItemGroup>
</Project>