<?xml version="1.0" encoding="utf-8"?>
<Project ToolsVersion="4.0" xmlns="http://schemas.microsoft.com/developer/msbuild/2003">
  <ItemGroup>
    <Filter Include="Objects">
      <UniqueIdentifier>{8a121284-eca5-4db2-b59d-7fa2fa54731d}</UniqueIdentifier>
    </Filter>
    <Filter Include="Scenes">
      <UniqueIdentifier>{b6ce28ae-9a24-4a89-9b00-f3d1d6ed8d9f}</UniqueIdentifier>
    </Filter>
    <Filter Include="System">
      <UniqueIdentifier>{890092d2-4b67-441a-b18f-722e253fcb5a}</UniqueIdentifier>
    </Filter>
  </ItemGroup>
  <ItemGroup>
    <ClCompile Include="Main.cpp" />
    <ClCompile Include="System\Gamesystem.cpp">
      <Filter>System</Filter>
    </ClCompile>
    <ClCompile Include="Scenes\Credits.cpp">
      <Filter>Scenes</Filter>
    </ClCompile>
    <ClCompile Include="Scenes\Gameplay.cpp">
      <Filter>Scenes</Filter>
    </ClCompile>
    <ClCompile Include="Scenes\Menu.cpp">
      <Filter>Scenes</Filter>
    </ClCompile>
    <ClCompile Include="Objects\Fighter.cpp">
      <Filter>Objects</Filter>
    </ClCompile>
    <ClCompile Include="Objects\Player.cpp">
      <Filter>Objects</Filter>
    </ClCompile>
    <ClCompile Include="Objects\Window.cpp">
      <Filter>Objects</Filter>
    </ClCompile>
    <ClCompile Include="Objects\Bullets.cpp">
      <Filter>Objects</Filter>
    </ClCompile>
    <ClCompile Include="Objects\Bomb.cpp">
      <Filter>Objects</Filter>
    </ClCompile>
  </ItemGroup>
  <ItemGroup>
    <ClInclude Include="System\Gamesystem.h">
      <Filter>System</Filter>
    </ClInclude>
    <ClInclude Include="Scenes\Credits.h">
      <Filter>Scenes</Filter>
    </ClInclude>
    <ClInclude Include="Scenes\Gameplay.h">
      <Filter>Scenes</Filter>
    </ClInclude>
    <ClInclude Include="Scenes\Menu.h">
      <Filter>Scenes</Filter>
    </ClInclude>
    <ClInclude Include="Objects\Fighter.h">
      <Filter>Objects</Filter>
    </ClInclude>
    <ClInclude Include="Objects\Player.h">
      <Filter>Objects</Filter>
    </ClInclude>
    <ClInclude Include="Objects\Window.h">
      <Filter>Objects</Filter>
    </ClInclude>
    <ClInclude Include="Objects\Bullets.h">
      <Filter>Objects</Filter>
    </ClInclude>
    <ClInclude Include="Objects\Bomb.h">
      <Filter>Objects</Filter>
    </ClInclude>
  </ItemGroup>
</Project>